
Microsoft Visual Studio Solution File, Format Version 12.00
# Visual Studio 15
VisualStudioVersion = 15.0.26430.16
MinimumVisualStudioVersion = 10.0.40219.1
Project("{FAE04EC0-301F-11D3-BF4B-00C04F79EFBC}") = "ScreenKeyboard", "ScreenKeyboard\ScreenKeyboard.csproj", "{AC0A9D92-DD1B-4903-81C6-7675B1DBA552}"
EndProject
Project("{FAE04EC0-301F-11D3-BF4B-00C04F79EFBC}") = "TestApp", "TestApp\TestApp.csproj", "{65E29765-04B4-454E-99B1-AF9097238923}"
EndProject
Global
	GlobalSection(SolutionConfigurationPlatforms) = preSolution
		Debug|Any CPU = Debug|Any CPU
		Release|Any CPU = Release|Any CPU
	EndGlobalSection
	GlobalSection(ProjectConfigurationPlatforms) = postSolution
		{AC0A9D92-DD1B-4903-81C6-7675B1DBA552}.Debug|Any CPU.ActiveCfg = Debug|Any CPU
		{AC0A9D92-DD1B-4903-81C6-7675B1DBA552}.Debug|Any CPU.Build.0 = Debug|Any CPU
		{AC0A9D92-DD1B-4903-81C6-7675B1DBA552}.Release|Any CPU.ActiveCfg = Release|Any CPU
		{AC0A9D92-DD1B-4903-81C6-7675B1DBA552}.Release|Any CPU.Build.0 = Release|Any CPU
		{65E29765-04B4-454E-99B1-AF9097238923}.Debug|Any CPU.ActiveCfg = Debug|Any CPU
		{65E29765-04B4-454E-99B1-AF9097238923}.Debug|Any CPU.Build.0 = Debug|Any CPU
		{65E29765-04B4-454E-99B1-AF9097238923}.Release|Any CPU.ActiveCfg = Release|Any CPU
		{65E29765-04B4-454E-99B1-AF9097238923}.Release|Any CPU.Build.0 = Release|Any CPU
	EndGlobalSection
	GlobalSection(SolutionProperties) = preSolution
		HideSolutionNode = FALSE
	EndGlobalSection
EndGlobal
